
Microsoft Visual Studio Solution File, Format Version 12.00
# Visual Studio 15
VisualStudioVersion = 15.0.27130.2010
MinimumVisualStudioVersion = 10.0.40219.1
Project("{FAE04EC0-301F-11D3-BF4B-00C04F79EFBC}") = "PrivateNuGetServer", "PrivateNuGetServer\PrivateNuGetServer.csproj", "{98E71DF4-E8BB-4A15-9EA0-102882851D41}"
EndProject
Global
	GlobalSection(SolutionConfigurationPlatforms) = preSolution
		Debug|Any CPU = Debug|Any CPU
		Release|Any CPU = Release|Any CPU
	EndGlobalSection
	GlobalSection(ProjectConfigurationPlatforms) = postSolution
		{98E71DF4-E8BB-4A15-9EA0-102882851D41}.Debug|Any CPU.ActiveCfg = Debug|Any CPU
		{98E71DF4-E8BB-4A15-9EA0-102882851D41}.Debug|Any CPU.Build.0 = Debug|Any CPU
		{98E71DF4-E8BB-4A15-9EA0-102882851D41}.Release|Any CPU.ActiveCfg = Release|Any CPU
		{98E71DF4-E8BB-4A15-9EA0-102882851D41}.Release|Any CPU.Build.0 = Release|Any CPU
	EndGlobalSection
	GlobalSection(SolutionProperties) = preSolution
		HideSolutionNode = FALSE
	EndGlobalSection
	GlobalSection(ExtensibilityGlobals) = postSolution
		SolutionGuid = {3454C2C6-E370-4462-891E-532B3FA488DB}
	EndGlobalSection
EndGlobal
